
Microsoft Visual Studio Solution File, Format Version 12.00
# Visual Studio 2013
VisualStudioVersion = 12.0.21005.1
MinimumVisualStudioVersion = 10.0.40219.1
Project("{FAE04EC0-301F-11D3-BF4B-00C04F79EFBC}") = "ActiveFileBackupManager", "ActiveFileBackupManager\ActiveFileBackupManager.csproj", "{934066D1-7BCE-483C-B64A-56133831E76F}"
EndProject
Project("{FAE04EC0-301F-11D3-BF4B-00C04F79EFBC}") = "ActiveFileBackup", "ActiveFileBackup\ActiveFileBackup.csproj", "{8BBFDD19-30D6-4F0B-83A5-A1461039A121}"
EndProject
Project("{FAE04EC0-301F-11D3-BF4B-00C04F79EFBC}") = "ActiveFileBackupService", "ActiveFileBackupService\ActiveFileBackupService.csproj", "{534FA8C5-4728-4A60-A4E3-D57020664C2D}"
EndProject
Global
	GlobalSection(SolutionConfigurationPlatforms) = preSolution
		Debug|Any CPU = Debug|Any CPU
		Release|Any CPU = Release|Any CPU
	EndGlobalSection
	GlobalSection(ProjectConfigurationPlatforms) = postSolution
		{934066D1-7BCE-483C-B64A-56133831E76F}.Debug|Any CPU.ActiveCfg = Debug|Any CPU
		{934066D1-7BCE-483C-B64A-56133831E76F}.Debug|Any CPU.Build.0 = Debug|Any CPU
		{934066D1-7BCE-483C-B64A-56133831E76F}.Release|Any CPU.ActiveCfg = Release|Any CPU
		{934066D1-7BCE-483C-B64A-56133831E76F}.Release|Any CPU.Build.0 = Release|Any CPU
		{8BBFDD19-30D6-4F0B-83A5-A1461039A121}.Debug|Any CPU.ActiveCfg = Debug|Any CPU
		{8BBFDD19-30D6-4F0B-83A5-A1461039A121}.Debug|Any CPU.Build.0 = Debug|Any CPU
		{8BBFDD19-30D6-4F0B-83A5-A1461039A121}.Release|Any CPU.ActiveCfg = Release|Any CPU
		{8BBFDD19-30D6-4F0B-83A5-A1461039A121}.Release|Any CPU.Build.0 = Release|Any CPU
		{534FA8C5-4728-4A60-A4E3-D57020664C2D}.Debug|Any CPU.ActiveCfg = Debug|Any CPU
		{534FA8C5-4728-4A60-A4E3-D57020664C2D}.Debug|Any CPU.Build.0 = Debug|Any CPU
		{534FA8C5-4728-4A60-A4E3-D57020664C2D}.Release|Any CPU.ActiveCfg = Release|Any CPU
		{534FA8C5-4728-4A60-A4E3-D57020664C2D}.Release|Any CPU.Build.0 = Release|Any CPU
	EndGlobalSection
	GlobalSection(SolutionProperties) = preSolution
		HideSolutionNode = FALSE
	EndGlobalSection
EndGlobal
